<?xml version="1.0" encoding="utf-8"?>
<Project ToolsVersion="4.0" xmlns="http://schemas.microsoft.com/developer/msbuild/2003">
  <ItemGroup>
    <Filter Include="Исходные файлы">
      <UniqueIdentifier>{4FC737F1-C7A5-4376-A066-2A32D752A2FF}</UniqueIdentifier>
      <Extensions>cpp;c;cc;cxx;c++;cppm;ixx;def;odl;idl;hpj;bat;asm;asmx</Extensions>
    </Filter>
    <Filter Include="Файлы заголовков">
      <UniqueIdentifier>{93995380-89BD-4b04-88EB-625FBE52EBFB}</UniqueIdentifier>
      <Extensions>h;hh;hpp;hxx;h++;hm;inl;inc;ipp;xsd</Extensions>
    </Filter>
    <Filter Include="Файлы ресурсов">
      <UniqueIdentifier>{67DA6AB6-F800-4c08-8B7A-83BB121AAD01}</UniqueIdentifier>
      <Extensions>rc;ico;cur;bmp;dlg;rc2;rct;bin;rgs;gif;jpg;jpeg;jpe;resx;tiff;tif;png;wav;mfcribbon-ms</Extensions>
    </Filter>
    <Filter Include="init">
      <UniqueIdentifier>{2a262099-d255-4bf6-93bc-5b70a0f0fe7a}</UniqueIdentifier>
    </Filter>
  </ItemGroup>
  <ItemGroup>
    <ClCompile Include="main.cpp" />
    <ClCompile Include="Imgui\imgui.cpp">
      <Filter>Исходные файлы</Filter>
    </ClCompile>
    <ClCompile Include="Imgui\imgui_draw.cpp">
      <Filter>Исходные файлы</Filter>
    </ClCompile>
    <ClCompile Include="Imgui\imgui_impl_dx9.cpp">
      <Filter>Исходные файлы</Filter>
    </ClCompile>
    <ClCompile Include="Imgui\imgui_impl_win32.cpp">
      <Filter>Исходные файлы</Filter>
    </ClCompile>
    <ClCompile Include="Imgui\imgui_widgets.cpp">
      <Filter>Исходные файлы</Filter>
    </ClCompile>
  </ItemGroup>
  <ItemGroup>
    <ClInclude Include="xor.h">
      <Filter>Файлы заголовков</Filter>
    </ClInclude>
    <ClInclude Include="1xor.h">
      <Filter>Файлы заголовков</Filter>
    </ClInclude>
    <ClInclude Include="init\overlay.h">
      <Filter>Файлы заголовков</Filter>
    </ClInclude>
    <ClInclude Include="dxsdk\d3d9.h">
      <Filter>Файлы заголовков</Filter>
    </ClInclude>
    <ClInclude Include="dxsdk\d3dx9.h">
      <Filter>Файлы заголовков</Filter>
    </ClInclude>
    <ClInclude Include="dxsdk\d3d9_x.h">
      <Filter>Файлы заголовков</Filter>
    </ClInclude>
    <ClInclude Include="dxsdk\d3dx9anim.h">
      <Filter>Файлы заголовков</Filter>
    </ClInclude>
    <ClInclude Include="dxsdk\d3dx9effect.h">
      <Filter>Файлы заголовков</Filter>
    </ClInclude>
    <ClInclude Include="dxsdk\d3dx9core.h">
      <Filter>Файлы заголовков</Filter>
    </ClInclude>
    <ClInclude Include="dxsdk\d3dx9math.h">
      <Filter>Файлы заголовков</Filter>
    </ClInclude>
    <ClInclude Include="dxsdk\d3dx9mesh.h">
      <Filter>Файлы заголовков</Filter>
    </ClInclude>
    <ClInclude Include="dxsdk\d3dx9shader.h">
      <Filter>Файлы заголовков</Filter>
    </ClInclude>
    <ClInclude Include="dxsdk\d3dx9shape.h">
      <Filter>Файлы заголовков</Filter>
    </ClInclude>
    <ClInclude Include="dxsdk\d3dx9tex.h">
      <Filter>Файлы заголовков</Filter>
    </ClInclude>
    <ClInclude Include="dxsdk\d3dx9xof.h">
      <Filter>Файлы заголовков</Filter>
    </ClInclude>
    <ClInclude Include="dxsdk\defs.h">
      <Filter>Файлы заголовков</Filter>
    </ClInclude>
    <ClInclude Include="mem_driver\hello.h">
      <Filter>Файлы заголовков</Filter>
    </ClInclude>
    <ClInclude Include="math\math.h">
      <Filter>Файлы заголовков</Filter>
    </ClInclude>
    <ClInclude Include="offsets.h">
      <Filter>Файлы заголовков</Filter>
    </ClInclude>
    <ClInclude Include="sdk\sdk.h">
      <Filter>Файлы заголовков</Filter>
    </ClInclude>
    <ClInclude Include="settings.h">
      <Filter>Файлы заголовков</Filter>
    </ClInclude>
    <ClInclude Include="sdk\aim.h">
      <Filter>Файлы заголовков</Filter>
    </ClInclude>
  </ItemGroup>
  <ItemGroup>
    <None Include="dxsdk\d3dx9math.inl">
      <Filter>Файлы заголовков</Filter>
    </None>
  </ItemGroup>
</Project>